// !$*UTF8*$!
{
	archiveVersion = 1;
	classes = {
	};
	objectVersion = 46;
	objects = {

/* Begin PBXBuildFile section */
		0342DBC31CE35E3500874056 /* AssetsLibrary.framework in Frameworks */ = {isa = PBXBuildFile; fileRef = 0342DBC21CE35E3400874056 /* AssetsLibrary.framework */; };
		0342DBC51CE35E4300874056 /* AVFoundation.framework in Frameworks */ = {isa = PBXBuildFile; fileRef = 0342DBC41CE35E4300874056 /* AVFoundation.framework */; };
		0342DBC71CE35E4F00874056 /* CFNetwork.framework in Frameworks */ = {isa = PBXBuildFile; fileRef = 0342DBC61CE35E4F00874056 /* CFNetwork.framework */; };
		0342DBC91CE35E5E00874056 /* CoreGraphics.framework in Frameworks */ = {isa = PBXBuildFile; fileRef = 0342DBC81CE35E5E00874056 /* CoreGraphics.framework */; };
		0342DBCB1CE35E6C00874056 /* CoreTelephony.framework in Frameworks */ = {isa = PBXBuildFile; fileRef = 0342DBCA1CE35E6C00874056 /* CoreTelephony.framework */; };
		0342DBCD1CE35E7900874056 /* CoreText.framework in Frameworks */ = {isa = PBXBuildFile; fileRef = 0342DBCC1CE35E7900874056 /* CoreText.framework */; };
		0342DBD11CE35E9000874056 /* Photos.framework in Frameworks */ = {isa = PBXBuildFile; fileRef = 0342DBD01CE35E9000874056 /* Photos.framework */; };
		0342DBD31CE35E9800874056 /* QuartzCore.framework in Frameworks */ = {isa = PBXBuildFile; fileRef = 0342DBD21CE35E9800874056 /* QuartzCore.framework */; };
		0342DBD51CE35EA800874056 /* SystemConfiguration.framework in Frameworks */ = {isa = PBXBuildFile; fileRef = 0342DBD41CE35EA800874056 /* SystemConfiguration.framework */; };
		0342DBD71CE35EAF00874056 /* UIKit.framework in Frameworks */ = {isa = PBXBuildFile; fileRef = 0342DBD61CE35EAF00874056 /* UIKit.framework */; };
		03CBD32B1CE1D26E000A6345 /* AppDelegate.swift in Sources */ = {isa = PBXBuildFile; fileRef = 03CBD32A1CE1D26E000A6345 /* AppDelegate.swift */; };
		03CBD32D1CE1D26E000A6345 /* ViewController.swift in Sources */ = {isa = PBXBuildFile; fileRef = 03CBD32C1CE1D26E000A6345 /* ViewController.swift */; };
		03CBD3301CE1D26E000A6345 /* Main.storyboard in Resources */ = {isa = PBXBuildFile; fileRef = 03CBD32E1CE1D26E000A6345 /* Main.storyboard */; };
		03CBD3321CE1D26E000A6345 /* Assets.xcassets in Resources */ = {isa = PBXBuildFile; fileRef = 03CBD3311CE1D26E000A6345 /* Assets.xcassets */; };
		03CBD3351CE1D26E000A6345 /* LaunchScreen.storyboard in Resources */ = {isa = PBXBuildFile; fileRef = 03CBD3331CE1D26E000A6345 /* LaunchScreen.storyboard */; };
		9099193407C74E817896C01B /* libPods.a in Frameworks */ = {isa = PBXBuildFile; fileRef = 5592F32D092EAEC8B3924B96 /* libPods.a */; };
/* End PBXBuildFile section */

/* Begin PBXFileReference section */
		0342DBC21CE35E3400874056 /* AssetsLibrary.framework */ = {isa = PBXFileReference; lastKnownFileType = wrapper.framework; name = AssetsLibrary.framework; path = System/Library/Frameworks/AssetsLibrary.framework; sourceTree = SDKROOT; };
		0342DBC41CE35E4300874056 /* AVFoundation.framework */ = {isa = PBXFileReference; lastKnownFileType = wrapper.framework; name = AVFoundation.framework; path = System/Library/Frameworks/AVFoundation.framework; sourceTree = SDKROOT; };
		0342DBC61CE35E4F00874056 /* CFNetwork.framework */ = {isa = PBXFileReference; lastKnownFileType = wrapper.framework; name = CFNetwork.framework; path = System/Library/Frameworks/CFNetwork.framework; sourceTree = SDKROOT; };
		0342DBC81CE35E5E00874056 /* CoreGraphics.framework */ = {isa = PBXFileReference; lastKnownFileType = wrapper.framework; name = CoreGraphics.framework; path = System/Library/Frameworks/CoreGraphics.framework; sourceTree = SDKROOT; };
		0342DBCA1CE35E6C00874056 /* CoreTelephony.framework */ = {isa = PBXFileReference; lastKnownFileType = wrapper.framework; name = CoreTelephony.framework; path = System/Library/Frameworks/CoreTelephony.framework; sourceTree = SDKROOT; };
		0342DBCC1CE35E7900874056 /* CoreText.framework */ = {isa = PBXFileReference; lastKnownFileType = wrapper.framework; name = CoreText.framework; path = System/Library/Frameworks/CoreText.framework; sourceTree = SDKROOT; };
		0342DBD01CE35E9000874056 /* Photos.framework */ = {isa = PBXFileReference; lastKnownFileType = wrapper.framework; name = Photos.framework; path = System/Library/Frameworks/Photos.framework; sourceTree = SDKROOT; };
		0342DBD21CE35E9800874056 /* QuartzCore.framework */ = {isa = PBXFileReference; lastKnownFileType = wrapper.framework; name = QuartzCore.framework; path = System/Library/Frameworks/QuartzCore.framework; sourceTree = SDKROOT; };
		0342DBD41CE35EA800874056 /* SystemConfiguration.framework */ = {isa = PBXFileReference; lastKnownFileType = wrapper.framework; name = SystemConfiguration.framework; path = System/Library/Frameworks/SystemConfiguration.framework; sourceTree = SDKROOT; };
		0342DBD61CE35EAF00874056 /* UIKit.framework */ = {isa = PBXFileReference; lastKnownFileType = wrapper.framework; name = UIKit.framework; path = System/Library/Frameworks/UIKit.framework; sourceTree = SDKROOT; };
		03CBD3271CE1D26E000A6345 /* TestSmooch.app */ = {isa = PBXFileReference; explicitFileType = wrapper.application; includeInIndex = 0; path = TestSmooch.app; sourceTree = BUILT_PRODUCTS_DIR; };
		03CBD32A1CE1D26E000A6345 /* AppDelegate.swift */ = {isa = PBXFileReference; lastKnownFileType = sourcecode.swift; path = AppDelegate.swift; sourceTree = "<group>"; };
		03CBD32C1CE1D26E000A6345 /* ViewController.swift */ = {isa = PBXFileReference; lastKnownFileType = sourcecode.swift; path = ViewController.swift; sourceTree = "<group>"; };
		03CBD32F1CE1D26E000A6345 /* Base */ = {isa = PBXFileReference; lastKnownFileType = file.storyboard; name = Base; path = Base.lproj/Main.storyboard; sourceTree = "<group>"; };
		03CBD3311CE1D26E000A6345 /* Assets.xcassets */ = {isa = PBXFileReference; lastKnownFileType = folder.assetcatalog; path = Assets.xcassets; sourceTree = "<group>"; };
		03CBD3341CE1D26E000A6345 /* Base */ = {isa = PBXFileReference; lastKnownFileType = file.storyboard; name = Base; path = Base.lproj/LaunchScreen.storyboard; sourceTree = "<group>"; };
		03CBD3361CE1D26E000A6345 /* Info.plist */ = {isa = PBXFileReference; lastKnownFileType = text.plist.xml; path = Info.plist; sourceTree = "<group>"; };
		03F99BCD1CE20E0500D1A76F /* TestSmooch-Bridging-Header.h */ = {isa = PBXFileReference; lastKnownFileType = sourcecode.c.h; name = "TestSmooch-Bridging-Header.h"; path = "../TestSmooch-Bridging-Header.h"; sourceTree = "<group>"; };
		4359A2BE2A9A0F7FAC1155BC /* Pods.release.xcconfig */ = {isa = PBXFileReference; includeInIndex = 1; lastKnownFileType = text.xcconfig; name = Pods.release.xcconfig; path = "Pods/Target Support Files/Pods/Pods.release.xcconfig"; sourceTree = "<group>"; };
		5592F32D092EAEC8B3924B96 /* libPods.a */ = {isa = PBXFileReference; explicitFileType = archive.ar; includeInIndex = 0; path = libPods.a; sourceTree = BUILT_PRODUCTS_DIR; };
		9F98FAF5682215AA1A916D0E /* Pods.debug.xcconfig */ = {isa = PBXFileReference; includeInIndex = 1; lastKnownFileType = text.xcconfig; name = Pods.debug.xcconfig; path = "Pods/Target Support Files/Pods/Pods.debug.xcconfig"; sourceTree = "<group>"; };
/* End PBXFileReference section */

/* Begin PBXFrameworksBuildPhase section */
		03CBD3241CE1D26D000A6345 /* Frameworks */ = {
			isa = PBXFrameworksBuildPhase;
			buildActionMask = 2147483647;
			files = (
				0342DBD71CE35EAF00874056 /* UIKit.framework in Frameworks */,
				0342DBD51CE35EA800874056 /* SystemConfiguration.framework in Frameworks */,
				0342DBD31CE35E9800874056 /* QuartzCore.framework in Frameworks */,
				0342DBD11CE35E9000874056 /* Photos.framework in Frameworks */,
				0342DBCD1CE35E7900874056 /* CoreText.framework in Frameworks */,
				0342DBCB1CE35E6C00874056 /* CoreTelephony.framework in Frameworks */,
				0342DBC91CE35E5E00874056 /* CoreGraphics.framework in Frameworks */,
				0342DBC71CE35E4F00874056 /* CFNetwork.framework in Frameworks */,
				0342DBC51CE35E4300874056 /* AVFoundation.framework in Frameworks */,
				0342DBC31CE35E3500874056 /* AssetsLibrary.framework in Frameworks */,
				9099193407C74E817896C01B /* libPods.a in Frameworks */,
			);
			runOnlyForDeploymentPostprocessing = 0;
		};
/* End PBXFrameworksBuildPhase section */

/* Begin PBXGroup section */
		03CBD31E1CE1D26D000A6345 = {
			isa = PBXGroup;
			children = (
				03CBD3291CE1D26E000A6345 /* TestSmooch */,
				03CBD3281CE1D26E000A6345 /* Products */,
				5011DC050DC9B7DD7BC22DF4 /* Pods */,
				3E537DFFB99FA506CFA888B5 /* Frameworks */,
			);
			sourceTree = "<group>";
		};
		03CBD3281CE1D26E000A6345 /* Products */ = {
			isa = PBXGroup;
			children = (
				03CBD3271CE1D26E000A6345 /* TestSmooch.app */,
			);
			name = Products;
			sourceTree = "<group>";
		};
		03CBD3291CE1D26E000A6345 /* TestSmooch */ = {
			isa = PBXGroup;
			children = (
				03F99BCD1CE20E0500D1A76F /* TestSmooch-Bridging-Header.h */,
				03CBD32A1CE1D26E000A6345 /* AppDelegate.swift */,
				03CBD32C1CE1D26E000A6345 /* ViewController.swift */,
				03CBD32E1CE1D26E000A6345 /* Main.storyboard */,
				03CBD3311CE1D26E000A6345 /* Assets.xcassets */,
				03CBD3331CE1D26E000A6345 /* LaunchScreen.storyboard */,
				03CBD3361CE1D26E000A6345 /* Info.plist */,
			);
			path = TestSmooch;
			sourceTree = "<group>";
		};
		3E537DFFB99FA506CFA888B5 /* Frameworks */ = {
			isa = PBXGroup;
			children = (
				0342DBD61CE35EAF00874056 /* UIKit.framework */,
				0342DBD41CE35EA800874056 /* SystemConfiguration.framework */,
				0342DBD21CE35E9800874056 /* QuartzCore.framework */,
				0342DBD01CE35E9000874056 /* Photos.framework */,
				0342DBCC1CE35E7900874056 /* CoreText.framework */,
				0342DBCA1CE35E6C00874056 /* CoreTelephony.framework */,
				0342DBC81CE35E5E00874056 /* CoreGraphics.framework */,
				0342DBC61CE35E4F00874056 /* CFNetwork.framework */,
				0342DBC41CE35E4300874056 /* AVFoundation.framework */,
				0342DBC21CE35E3400874056 /* AssetsLibrary.framework */,
				5592F32D092EAEC8B3924B96 /* libPods.a */,
			);
			name = Frameworks;
			sourceTree = "<group>";
		};
		5011DC050DC9B7DD7BC22DF4 /* Pods */ = {
			isa = PBXGroup;
			children = (
				9F98FAF5682215AA1A916D0E /* Pods.debug.xcconfig */,
				4359A2BE2A9A0F7FAC1155BC /* Pods.release.xcconfig */,
			);
			name = Pods;
			sourceTree = "<group>";
		};
/* End PBXGroup section */

/* Begin PBXNativeTarget section */
		03CBD3261CE1D26D000A6345 /* TestSmooch */ = {
			isa = PBXNativeTarget;
			buildConfigurationList = 03CBD3391CE1D26E000A6345 /* Build configuration list for PBXNativeTarget "TestSmooch" */;
			buildPhases = (
				2B1D007823A063E09215DA59 /* Check Pods Manifest.lock */,
				03CBD3231CE1D26D000A6345 /* Sources */,
				03CBD3241CE1D26D000A6345 /* Frameworks */,
				03CBD3251CE1D26D000A6345 /* Resources */,
				B45C33C72E07E6C9815C7C03 /* Embed Pods Frameworks */,
				E5CC20DD12AAF99734A8633D /* Copy Pods Resources */,
			);
			buildRules = (
			);
			dependencies = (
			);
			name = TestSmooch;
			productName = TestSmooch;
			productReference = 03CBD3271CE1D26E000A6345 /* TestSmooch.app */;
			productType = "com.apple.product-type.application";
		};
/* End PBXNativeTarget section */

/* Begin PBXProject section */
		03CBD31F1CE1D26D000A6345 /* Project object */ = {
			isa = PBXProject;
			attributes = {
				LastSwiftUpdateCheck = 0730;
				LastUpgradeCheck = 0730;
				ORGANIZATIONNAME = nvovap;
				TargetAttributes = {
					03CBD3261CE1D26D000A6345 = {
						CreatedOnToolsVersion = 7.3;
						DevelopmentTeam = ML92WQMC99;
						SystemCapabilities = {
							com.apple.Push = {
								enabled = 1;
							};
						};
					};
				};
			};
			buildConfigurationList = 03CBD3221CE1D26D000A6345 /* Build configuration list for PBXProject "TestSmooch" */;
			compatibilityVersion = "Xcode 3.2";
			developmentRegion = English;
			hasScannedForEncodings = 0;
			knownRegions = (
				en,
				Base,
			);
			mainGroup = 03CBD31E1CE1D26D000A6345;
			productRefGroup = 03CBD3281CE1D26E000A6345 /* Products */;
			projectDirPath = "";
			projectRoot = "";
			targets = (
				03CBD3261CE1D26D000A6345 /* TestSmooch */,
			);
		};
/* End PBXProject section */

/* Begin PBXResourcesBuildPhase section */
		03CBD3251CE1D26D000A6345 /* Resources */ = {
			isa = PBXResourcesBuildPhase;
			buildActionMask = 2147483647;
			files = (
				03CBD3351CE1D26E000A6345 /* LaunchScreen.storyboard in Resources */,
				03CBD3321CE1D26E000A6345 /* Assets.xcassets in Resources */,
				03CBD3301CE1D26E000A6345 /* Main.storyboard in Resources */,
			);
			runOnlyForDeploymentPostprocessing = 0;
		};
/* End PBXResourcesBuildPhase section */

/* Begin PBXShellScriptBuildPhase section */
		2B1D007823A063E09215DA59 /* Check Pods Manifest.lock */ = {
			isa = PBXShellScriptBuildPhase;
			buildActionMask = 2147483647;
			files = (
			);
			inputPaths = (
			);
			name = "Check Pods Manifest.lock";
			outputPaths = (
			);
			runOnlyForDeploymentPostprocessing = 0;
			shellPath = /bin/sh;
			shellScript = "diff \"${PODS_ROOT}/../Podfile.lock\" \"${PODS_ROOT}/Manifest.lock\" > /dev/null\nif [[ $? != 0 ]] ; then\n    cat << EOM\nerror: The sandbox is not in sync with the Podfile.lock. Run 'pod install' or update your CocoaPods installation.\nEOM\n    exit 1\nfi\n";
			showEnvVarsInLog = 0;
		};
		B45C33C72E07E6C9815C7C03 /* Embed Pods Frameworks */ = {
			isa = PBXShellScriptBuildPhase;
			buildActionMask = 2147483647;
			files = (
			);
			inputPaths = (
			);
			name = "Embed Pods Frameworks";
			outputPaths = (
			);
			runOnlyForDeploymentPostprocessing = 0;
			shellPath = /bin/sh;
			shellScript = "\"${SRCROOT}/Pods/Target Support Files/Pods/Pods-frameworks.sh\"\n";
			showEnvVarsInLog = 0;
		};
		E5CC20DD12AAF99734A8633D /* Copy Pods Resources */ = {
			isa = PBXShellScriptBuildPhase;
			buildActionMask = 2147483647;
			files = (
			);
			inputPaths = (
			);
			name = "Copy Pods Resources";
			outputPaths = (
			);
			runOnlyForDeploymentPostprocessing = 0;
			shellPath = /bin/sh;
			shellScript = "\"${SRCROOT}/Pods/Target Support Files/Pods/Pods-resources.sh\"\n";
			showEnvVarsInLog = 0;
		};
/* End PBXShellScriptBuildPhase section */

/* Begin PBXSourcesBuildPhase section */
		03CBD3231CE1D26D000A6345 /* Sources */ = {
			isa = PBXSourcesBuildPhase;
			buildActionMask = 2147483647;
			files = (
				03CBD32D1CE1D26E000A6345 /* ViewController.swift in Sources */,
				03CBD32B1CE1D26E000A6345 /* AppDelegate.swift in Sources */,
			);
			runOnlyForDeploymentPostprocessing = 0;
		};
/* End PBXSourcesBuildPhase section */

/* Begin PBXVariantGroup section */
		03CBD32E1CE1D26E000A6345 /* Main.storyboard */ = {
			isa = PBXVariantGroup;
			children = (
				03CBD32F1CE1D26E000A6345 /* Base */,
			);
			name = Main.storyboard;
			sourceTree = "<group>";
		};
		03CBD3331CE1D26E000A6345 /* LaunchScreen.storyboard */ = {
			isa = PBXVariantGroup;
			children = (
				03CBD3341CE1D26E000A6345 /* Base */,
			);
			name = LaunchScreen.storyboard;
			sourceTree = "<group>";
		};
/* End PBXVariantGroup section */

/* Begin XCBuildConfiguration section */
		03CBD3371CE1D26E000A6345 /* Debug */ = {
			isa = XCBuildConfiguration;
			buildSettings = {
				ALWAYS_SEARCH_USER_PATHS = NO;
				CLANG_ANALYZER_NONNULL = YES;
				CLANG_CXX_LANGUAGE_STANDARD = "gnu++0x";
				CLANG_CXX_LIBRARY = "libc++";
				CLANG_ENABLE_MODULES = YES;
				CLANG_ENABLE_OBJC_ARC = YES;
				CLANG_WARN_BOOL_CONVERSION = YES;
				CLANG_WARN_CONSTANT_CONVERSION = YES;
				CLANG_WARN_DIRECT_OBJC_ISA_USAGE = YES_ERROR;
				CLANG_WARN_EMPTY_BODY = YES;
				CLANG_WARN_ENUM_CONVERSION = YES;
				CLANG_WARN_INT_CONVERSION = YES;
				CLANG_WARN_OBJC_ROOT_CLASS = YES_ERROR;
				CLANG_WARN_UNREACHABLE_CODE = YES;
				CLANG_WARN__DUPLICATE_METHOD_MATCH = YES;
				"CODE_SIGN_IDENTITY[sdk=iphoneos*]" = "iPhone Developer";
				COPY_PHASE_STRIP = NO;
				DEBUG_INFORMATION_FORMAT = dwarf;
				ENABLE_STRICT_OBJC_MSGSEND = YES;
				ENABLE_TESTABILITY = YES;
				GCC_C_LANGUAGE_STANDARD = gnu99;
				GCC_DYNAMIC_NO_PIC = NO;
				GCC_NO_COMMON_BLOCKS = YES;
				GCC_OPTIMIZATION_LEVEL = 0;
				GCC_PREPROCESSOR_DEFINITIONS = (
					"DEBUG=1",
					"$(inherited)",
				);
				GCC_WARN_64_TO_32_BIT_CONVERSION = YES;
				GCC_WARN_ABOUT_RETURN_TYPE = YES_ERROR;
				GCC_WARN_UNDECLARED_SELECTOR = YES;
				GCC_WARN_UNINITIALIZED_AUTOS = YES_AGGRESSIVE;
				GCC_WARN_UNUSED_FUNCTION = YES;
				GCC_WARN_UNUSED_VARIABLE = YES;
				IPHONEOS_DEPLOYMENT_TARGET = 9.3;
				MTL_ENABLE_DEBUG_INFO = YES;
				ONLY_ACTIVE_ARCH = YES;
				SDKROOT = iphoneos;
				SWIFT_OPTIMIZATION_LEVEL = "-Onone";
				TARGETED_DEVICE_FAMILY = "1,2";
			};
			name = Debug;
		};
		03CBD3381CE1D26E000A6345 /* Release */ = {
			isa = XCBuildConfiguration;
			buildSettings = {
				ALWAYS_SEARCH_USER_PATHS = NO;
				CLANG_ANALYZER_NONNULL = YES;
				CLANG_CXX_LANGUAGE_STANDARD = "gnu++0x";
				CLANG_CXX_LIBRARY = "libc++";
				CLANG_ENABLE_MODULES = YES;
				CLANG_ENABLE_OBJC_ARC = YES;
				CLANG_WARN_BOOL_CONVERSION = YES;
				CLANG_WARN_CONSTANT_CONVERSION = YES;
				CLANG_WARN_DIRECT_OBJC_ISA_USAGE = YES_ERROR;
				CLANG_WARN_EMPTY_BODY = YES;
				CLANG_WARN_ENUM_CONVERSION = YES;
				CLANG_WARN_INT_CONVERSION = YES;
				CLANG_WARN_OBJC_ROOT_CLASS = YES_ERROR;
				CLANG_WARN_UNREACHABLE_CODE = YES;
				CLANG_WARN__DUPLICATE_METHOD_MATCH = YES;
				"CODE_SIGN_IDENTITY[sdk=iphoneos*]" = "iPhone Developer";
				COPY_PHASE_STRIP = NO;
				DEBUG_INFORMATION_FORMAT = "dwarf-with-dsym";
				ENABLE_NS_ASSERTIONS = NO;
				ENABLE_STRICT_OBJC_MSGSEND = YES;
				GCC_C_LANGUAGE_STANDARD = gnu99;
				GCC_NO_COMMON_BLOCKS = YES;
				GCC_WARN_64_TO_32_BIT_CONVERSION = YES;
				GCC_WARN_ABOUT_RETURN_TYPE = YES_ERROR;
				GCC_WARN_UNDECLARED_SELECTOR = YES;
				GCC_WARN_UNINITIALIZED_AUTOS = YES_AGGRESSIVE;
				GCC_WARN_UNUSED_FUNCTION = YES;
				GCC_WARN_UNUSED_VARIABLE = YES;
				IPHONEOS_DEPLOYMENT_TARGET = 9.3;
				MTL_ENABLE_DEBUG_INFO = NO;
				SDKROOT = iphoneos;
				TARGETED_DEVICE_FAMILY = "1,2";
				VALIDATE_PRODUCT = YES;
			};
			name = Release;
		};
		03CBD33A1CE1D26E000A6345 /* Debug */ = {
			isa = XCBuildConfiguration;
			baseConfigurationReference = 9F98FAF5682215AA1A916D0E /* Pods.debug.xcconfig */;
			buildSettings = {
				ASSETCATALOG_COMPILER_APPICON_NAME = AppIcon;
				INFOPLIST_FILE = TestSmooch/Info.plist;
				LD_RUNPATH_SEARCH_PATHS = "$(inherited) @executable_path/Frameworks";
				PRODUCT_BUNDLE_IDENTIFIER = nvovap.com.TestSmooch;
				PRODUCT_NAME = "$(TARGET_NAME)";
				SWIFT_OBJC_BRIDGING_HEADER = "TestSmooch-Bridging-Header.h";
			};
			name = Debug;
		};
		03CBD33B1CE1D26E000A6345 /* Release */ = {
			isa = XCBuildConfiguration;
			baseConfigurationReference = 4359A2BE2A9A0F7FAC1155BC /* Pods.release.xcconfig */;
			buildSettings = {
				ASSETCATALOG_COMPILER_APPICON_NAME = AppIcon;
				INFOPLIST_FILE = TestSmooch/Info.plist;
				LD_RUNPATH_SEARCH_PATHS = "$(inherited) @executable_path/Frameworks";
				PRODUCT_BUNDLE_IDENTIFIER = nvovap.com.TestSmooch;
				PRODUCT_NAME = "$(TARGET_NAME)";
				SWIFT_OBJC_BRIDGING_HEADER = "TestSmooch-Bridging-Header.h";
			};
			name = Release;
		};
/* End XCBuildConfiguration section */

/* Begin XCConfigurationList section */
		03CBD3221CE1D26D000A6345 /* Build configuration list for PBXProject "TestSmooch" */ = {
			isa = XCConfigurationList;
			buildConfigurations = (
				03CBD3371CE1D26E000A6345 /* Debug */,
				03CBD3381CE1D26E000A6345 /* Release */,
			);
			defaultConfigurationIsVisible = 0;
			defaultConfigurationName = Release;
		};
		03CBD3391CE1D26E000A6345 /* Build configuration list for PBXNativeTarget "TestSmooch" */ = {
			isa = XCConfigurationList;
			buildConfigurations = (
				03CBD33A1CE1D26E000A6345 /* Debug */,
				03CBD33B1CE1D26E000A6345 /* Release */,
			);
			defaultConfigurationIsVisible = 0;
			defaultConfigurationName = Release;
		};
/* End XCConfigurationList section */
	};
	rootObject = 03CBD31F1CE1D26D000A6345 /* Project object */;
}
